
Microsoft Visual Studio Solution File, Format Version 12.00
# Visual Studio Version 16
VisualStudioVersion = 16.0.34031.81
MinimumVisualStudioVersion = 10.0.40219.1
Project("{2150E333-8FDC-42A3-9474-1A3956D46DE8}") = "Task0", "Task0", "{67A1EB33-C3A9-4A81-9DA7-AFF6C3C90129}"
EndProject
Project("{FAE04EC0-301F-11D3-BF4B-00C04F79EFBC}") = "Tyuiu.DragomeretskiyED.Sprint3.Task0.V17", "Tyuiu.DragomeretskiyED.Sprint3.Task0.V17\Tyuiu.DragomeretskiyED.Sprint3.Task0.V17.csproj", "{D995227D-CEAA-44AC-97F6-C9CB5609DD22}"
EndProject
Project("{FAE04EC0-301F-11D3-BF4B-00C04F79EFBC}") = "Tyuiu.DragomeretskiyED.Sprint3.Task0.V17.Lib", "Tyuiu.DragomeretskiyED.Sprint3.Task0.V17.Lib\Tyuiu.DragomeretskiyED.Sprint3.Task0.V17.Lib.csproj", "{78E2EAFF-02B6-4438-A91C-9AAB6A93A8A3}"
EndProject
Project("{FAE04EC0-301F-11D3-BF4B-00C04F79EFBC}") = "Tyuiu.DragomeretskiyED.Sprint3.Task0.V17.Test", "Tyuiu.DragomeretskiyED.Sprint3.Task0.V17.Test\Tyuiu.DragomeretskiyED.Sprint3.Task0.V17.Test.csproj", "{22EEC2BD-29EE-466C-AFAB-D8CD8C3E6374}"
EndProject
Project("{2150E333-8FDC-42A3-9474-1A3956D46DE8}") = "Task1", "Task1", "{33646CA7-0491-4A1D-A294-3C60E9C78878}"
EndProject
Project("{FAE04EC0-301F-11D3-BF4B-00C04F79EFBC}") = "Tyuiu.DragomeretskiyED.Sprint3.Task1.V13", "Tyuiu.DragomeretskiyED.Sprint3.Task1.V13\Tyuiu.DragomeretskiyED.Sprint3.Task1.V13.csproj", "{64A04632-AE64-467E-A8A3-4761653B079F}"
EndProject
Project("{FAE04EC0-301F-11D3-BF4B-00C04F79EFBC}") = "Tyuiu.DragomeretskiyED.Sprint3.Task1.V13.Lib", "Tyuiu.DragomeretskiyED.Sprint3.Task1.V13.Lib\Tyuiu.DragomeretskiyED.Sprint3.Task1.V13.Lib.csproj", "{4DA31D65-188C-496B-B379-1E6CD9D96356}"
EndProject
Project("{FAE04EC0-301F-11D3-BF4B-00C04F79EFBC}") = "Tyuiu.DragomeretskiyED.Sprint3.Task1.V13.Test", "Tyuiu.DragomeretskiyED.Sprint3.Task1.V13.Test\Tyuiu.DragomeretskiyED.Sprint3.Task1.V13.Test.csproj", "{65FDCE4B-B98F-4F2E-A305-9DAD036FDE3E}"
EndProject
Project("{2150E333-8FDC-42A3-9474-1A3956D46DE8}") = "Task2", "Task2", "{E2A98315-AD1E-489B-BF03-3F5B6C154B23}"
EndProject
Project("{FAE04EC0-301F-11D3-BF4B-00C04F79EFBC}") = "Tyuiu.DragomeretskiyED.Sprint3.Task2.V8", "Tyuiu.DragomeretskiyED.Sprint3.Task2.V8\Tyuiu.DragomeretskiyED.Sprint3.Task2.V8.csproj", "{F6C0B061-3A04-4E82-8CE6-AC23A44DE536}"
EndProject
Project("{FAE04EC0-301F-11D3-BF4B-00C04F79EFBC}") = "Tyuiu.DragomeretskiyED.Sprint3.Task2.V8.Lib", "Tyuiu.DragomeretskiyED.Sprint3.Task2.V8.Lib\Tyuiu.DragomeretskiyED.Sprint3.Task2.V8.Lib.csproj", "{0558C396-C062-4B7B-BB8F-18BBC341A3D9}"
EndProject
Project("{FAE04EC0-301F-11D3-BF4B-00C04F79EFBC}") = "Tyuiu.DragomeretskiyED.Sprint3.Task2.V8.Test", "Tyuiu.DragomeretskiyED.Sprint3.Task2.V8.Test\Tyuiu.DragomeretskiyED.Sprint3.Task2.V8.Test.csproj", "{9D82F97E-79BD-447C-AB9B-2B37BDE3EAC4}"
EndProject
Project("{2150E333-8FDC-42A3-9474-1A3956D46DE8}") = "Task3", "Task3", "{FEBC5271-90FB-472D-8998-EDB66F8367F2}"
EndProject
Project("{FAE04EC0-301F-11D3-BF4B-00C04F79EFBC}") = "Tyuiu.DragomeretskiyED.Sprint3.Task3.V21", "Tyuiu.DragomeretskiyED.Sprint3.Task3.V21\Tyuiu.DragomeretskiyED.Sprint3.Task3.V21.csproj", "{8F8BB5DA-D5B4-44E7-A3E8-37242295AF40}"
EndProject
Project("{FAE04EC0-301F-11D3-BF4B-00C04F79EFBC}") = "Tyuiu.DragomeretskiyED.Sprint3.Task3.V21.Lib", "Tyuiu.DragomeretskiyED.Sprint3.Task3.V21.Lib\Tyuiu.DragomeretskiyED.Sprint3.Task3.V21.Lib.csproj", "{42FF2AE8-78EC-4396-8118-DAC04493F98F}"
EndProject
Project("{FAE04EC0-301F-11D3-BF4B-00C04F79EFBC}") = "Tyuiu.DragomeretskiyED.Sprint3.Task3.V21.Test", "Tyuiu.DragomeretskiyED.Sprint3.Task3.V21.Test\Tyuiu.DragomeretskiyED.Sprint3.Task3.V21.Test.csproj", "{4096FF2E-751C-41BD-8C5B-1FAB4E7B9FA2}"
EndProject
Project("{2150E333-8FDC-42A3-9474-1A3956D46DE8}") = "Task4", "Task4", "{68C22190-C180-4DE1-B83B-8E48BD7C843F}"
EndProject
Project("{FAE04EC0-301F-11D3-BF4B-00C04F79EFBC}") = "Tyuiu.DragomeretskiyED.Sprint3.Task4.V30", "Tyuiu.DragomeretskiyED.Sprint3.Task4.V30\Tyuiu.DragomeretskiyED.Sprint3.Task4.V30.csproj", "{1FC9EF65-BEF2-406D-B75D-030F1A040406}"
EndProject
Project("{FAE04EC0-301F-11D3-BF4B-00C04F79EFBC}") = "Tyuiu.DragomeretskiyED.Sprint3.Task4.V30.Lib", "Tyuiu.DragomeretskiyED.Sprint3.Task4.V30.Lib\Tyuiu.DragomeretskiyED.Sprint3.Task4.V30.Lib.csproj", "{3D99BF68-88EF-44D9-A57E-1133B33BD2E8}"
EndProject
Project("{FAE04EC0-301F-11D3-BF4B-00C04F79EFBC}") = "Tyuiu.DragomeretskiyED.Sprint3.Task4.V30.Test", "Tyuiu.DragomeretskiyED.Sprint3.Task4.V30.Test\Tyuiu.DragomeretskiyED.Sprint3.Task4.V30.Test.csproj", "{AF4483A5-A9E3-4211-8A9D-040B5EF7411D}"
EndProject
Project("{2150E333-8FDC-42A3-9474-1A3956D46DE8}") = "Task5", "Task5", "{2AF44D27-809D-460E-AEE3-C9E1BF09253D}"
EndProject
Project("{FAE04EC0-301F-11D3-BF4B-00C04F79EFBC}") = "Tyuiu.DragomeretskiyED.Sprint3.Task5.V15", "Tyuiu.DragomeretskiyED.Sprint3.Task5.V15\Tyuiu.DragomeretskiyED.Sprint3.Task5.V15.csproj", "{9E7ECAC2-52AD-481F-BAE7-47C465D30D56}"
EndProject
Project("{FAE04EC0-301F-11D3-BF4B-00C04F79EFBC}") = "Tyuiu.DragomeretskiyED.Sprint3.Task5.V15.Lib", "Tyuiu.DragomeretskiyED.Sprint3.Task5.V15.Lib\Tyuiu.DragomeretskiyED.Sprint3.Task5.V15.Lib.csproj", "{DD08CDF2-DAAF-4247-9E2F-BEC6EF13D53F}"
EndProject
Project("{FAE04EC0-301F-11D3-BF4B-00C04F79EFBC}") = "Tyuiu.DragomeretskiyED.Sprint3.Task5.V15.Test", "Tyuiu.DragomeretskiyED.Sprint3.Task5.V15.Test\Tyuiu.DragomeretskiyED.Sprint3.Task5.V15.Test.csproj", "{4D34FD86-0462-42AC-90AE-4169C77E2F8E}"
EndProject
Project("{2150E333-8FDC-42A3-9474-1A3956D46DE8}") = "Task6", "Task6", "{31C7B142-4998-4F1F-9CBD-EDABFAD64E02}"
EndProject
Project("{FAE04EC0-301F-11D3-BF4B-00C04F79EFBC}") = "Tyuiu.DragomeretskiyED.Sprint3.Task6.V7", "Tyuiu.DragomeretskiyED.Sprint3.Task6.V7\Tyuiu.DragomeretskiyED.Sprint3.Task6.V7.csproj", "{EA008909-954C-4DF4-B2DD-4DA42FF06871}"
EndProject
Project("{FAE04EC0-301F-11D3-BF4B-00C04F79EFBC}") = "Tyuiu.DragomeretskiyED.Sprint3.Task6.V7.Lib", "Tyuiu.DragomeretskiyED.Sprint3.Task6.V7.Lib\Tyuiu.DragomeretskiyED.Sprint3.Task6.V7.Lib.csproj", "{421333D9-A141-4697-93E0-8B5CE2581F13}"
EndProject
Project("{FAE04EC0-301F-11D3-BF4B-00C04F79EFBC}") = "Tyuiu.DragomeretskiyED.Sprint3.Task6.V7.Test", "Tyuiu.DragomeretskiyED.Sprint3.Task6.V7.Test\Tyuiu.DragomeretskiyED.Sprint3.Task6.V7.Test.csproj", "{5E139D14-EE92-46FE-A6E9-C8CB1FA37299}"
EndProject
Project("{2150E333-8FDC-42A3-9474-1A3956D46DE8}") = "Task7", "Task7", "{63F00079-B35A-484E-9E4A-A026013C7F37}"
EndProject
Project("{FAE04EC0-301F-11D3-BF4B-00C04F79EFBC}") = "Tyuiu.DragomeretskiyED.Sprint3.Task7.V21", "Tyuiu.DragomeretskiyED.Sprint3.Task7.V21\Tyuiu.DragomeretskiyED.Sprint3.Task7.V21.csproj", "{02B5F84D-1853-4CBE-9A87-4B8C6994E032}"
EndProject
Project("{FAE04EC0-301F-11D3-BF4B-00C04F79EFBC}") = "Tyuiu.DragomeretskiyED.Sprint3.Task7.V21.Lib", "Tyuiu.DragomeretskiyED.Sprint3.Task7.V21.Lib\Tyuiu.DragomeretskiyED.Sprint3.Task7.V21.Lib.csproj", "{0C652F31-7D60-403E-B1B9-92CDB5ED998B}"
EndProject
Project("{FAE04EC0-301F-11D3-BF4B-00C04F79EFBC}") = "Tyuiu.DragomeretskiyED.Sprint3.Task7.V21.Test", "Tyuiu.DragomeretskiyED.Sprint3.Task7.V21.Test\Tyuiu.DragomeretskiyED.Sprint3.Task7.V21.Test.csproj", "{B26A7012-0F79-4BDF-8EB4-FBCDEFBED6EF}"
EndProject
Global
	GlobalSection(SolutionConfigurationPlatforms) = preSolution
		Debug|Any CPU = Debug|Any CPU
		Release|Any CPU = Release|Any CPU
	EndGlobalSection
	GlobalSection(ProjectConfigurationPlatforms) = postSolution
		{D995227D-CEAA-44AC-97F6-C9CB5609DD22}.Debug|Any CPU.ActiveCfg = Debug|Any CPU
		{D995227D-CEAA-44AC-97F6-C9CB5609DD22}.Debug|Any CPU.Build.0 = Debug|Any CPU
		{D995227D-CEAA-44AC-97F6-C9CB5609DD22}.Release|Any CPU.ActiveCfg = Release|Any CPU
		{D995227D-CEAA-44AC-97F6-C9CB5609DD22}.Release|Any CPU.Build.0 = Release|Any CPU
		{78E2EAFF-02B6-4438-A91C-9AAB6A93A8A3}.Debug|Any CPU.ActiveCfg = Debug|Any CPU
		{78E2EAFF-02B6-4438-A91C-9AAB6A93A8A3}.Debug|Any CPU.Build.0 = Debug|Any CPU
		{78E2EAFF-02B6-4438-A91C-9AAB6A93A8A3}.Release|Any CPU.ActiveCfg = Release|Any CPU
		{78E2EAFF-02B6-4438-A91C-9AAB6A93A8A3}.Release|Any CPU.Build.0 = Release|Any CPU
		{22EEC2BD-29EE-466C-AFAB-D8CD8C3E6374}.Debug|Any CPU.ActiveCfg = Debug|Any CPU
		{22EEC2BD-29EE-466C-AFAB-D8CD8C3E6374}.Debug|Any CPU.Build.0 = Debug|Any CPU
		{22EEC2BD-29EE-466C-AFAB-D8CD8C3E6374}.Release|Any CPU.ActiveCfg = Release|Any CPU
		{22EEC2BD-29EE-466C-AFAB-D8CD8C3E6374}.Release|Any CPU.Build.0 = Release|Any CPU
		{64A04632-AE64-467E-A8A3-4761653B079F}.Debug|Any CPU.ActiveCfg = Debug|Any CPU
		{64A04632-AE64-467E-A8A3-4761653B079F}.Debug|Any CPU.Build.0 = Debug|Any CPU
		{64A04632-AE64-467E-A8A3-4761653B079F}.Release|Any CPU.ActiveCfg = Release|Any CPU
		{64A04632-AE64-467E-A8A3-4761653B079F}.Release|Any CPU.Build.0 = Release|Any CPU
		{4DA31D65-188C-496B-B379-1E6CD9D96356}.Debug|Any CPU.ActiveCfg = Debug|Any CPU
		{4DA31D65-188C-496B-B379-1E6CD9D96356}.Debug|Any CPU.Build.0 = Debug|Any CPU
		{4DA31D65-188C-496B-B379-1E6CD9D96356}.Release|Any CPU.ActiveCfg = Release|Any CPU
		{4DA31D65-188C-496B-B379-1E6CD9D96356}.Release|Any CPU.Build.0 = Release|Any CPU
		{65FDCE4B-B98F-4F2E-A305-9DAD036FDE3E}.Debug|Any CPU.ActiveCfg = Debug|Any CPU
		{65FDCE4B-B98F-4F2E-A305-9DAD036FDE3E}.Debug|Any CPU.Build.0 = Debug|Any CPU
		{65FDCE4B-B98F-4F2E-A305-9DAD036FDE3E}.Release|Any CPU.ActiveCfg = Release|Any CPU
		{65FDCE4B-B98F-4F2E-A305-9DAD036FDE3E}.Release|Any CPU.Build.0 = Release|Any CPU
		{F6C0B061-3A04-4E82-8CE6-AC23A44DE536}.Debug|Any CPU.ActiveCfg = Debug|Any CPU
		{F6C0B061-3A04-4E82-8CE6-AC23A44DE536}.Debug|Any CPU.Build.0 = Debug|Any CPU
		{F6C0B061-3A04-4E82-8CE6-AC23A44DE536}.Release|Any CPU.ActiveCfg = Release|Any CPU
		{F6C0B061-3A04-4E82-8CE6-AC23A44DE536}.Release|Any CPU.Build.0 = Release|Any CPU
		{0558C396-C062-4B7B-BB8F-18BBC341A3D9}.Debug|Any CPU.ActiveCfg = Debug|Any CPU
		{0558C396-C062-4B7B-BB8F-18BBC341A3D9}.Debug|Any CPU.Build.0 = Debug|Any CPU
		{0558C396-C062-4B7B-BB8F-18BBC341A3D9}.Release|Any CPU.ActiveCfg = Release|Any CPU
		{0558C396-C062-4B7B-BB8F-18BBC341A3D9}.Release|Any CPU.Build.0 = Release|Any CPU
		{9D82F97E-79BD-447C-AB9B-2B37BDE3EAC4}.Debug|Any CPU.ActiveCfg = Debug|Any CPU
		{9D82F97E-79BD-447C-AB9B-2B37BDE3EAC4}.Debug|Any CPU.Build.0 = Debug|Any CPU
		{9D82F97E-79BD-447C-AB9B-2B37BDE3EAC4}.Release|Any CPU.ActiveCfg = Release|Any CPU
		{9D82F97E-79BD-447C-AB9B-2B37BDE3EAC4}.Release|Any CPU.Build.0 = Release|Any CPU
		{8F8BB5DA-D5B4-44E7-A3E8-37242295AF40}.Debug|Any CPU.ActiveCfg = Debug|Any CPU
		{8F8BB5DA-D5B4-44E7-A3E8-37242295AF40}.Debug|Any CPU.Build.0 = Debug|Any CPU
		{8F8BB5DA-D5B4-44E7-A3E8-37242295AF40}.Release|Any CPU.ActiveCfg = Release|Any CPU
		{8F8BB5DA-D5B4-44E7-A3E8-37242295AF40}.Release|Any CPU.Build.0 = Release|Any CPU
		{42FF2AE8-78EC-4396-8118-DAC04493F98F}.Debug|Any CPU.ActiveCfg = Debug|Any CPU
		{42FF2AE8-78EC-4396-8118-DAC04493F98F}.Debug|Any CPU.Build.0 = Debug|Any CPU
		{42FF2AE8-78EC-4396-8118-DAC04493F98F}.Release|Any CPU.ActiveCfg = Release|Any CPU
		{42FF2AE8-78EC-4396-8118-DAC04493F98F}.Release|Any CPU.Build.0 = Release|Any CPU
		{4096FF2E-751C-41BD-8C5B-1FAB4E7B9FA2}.Debug|Any CPU.ActiveCfg = Debug|Any CPU
		{4096FF2E-751C-41BD-8C5B-1FAB4E7B9FA2}.Debug|Any CPU.Build.0 = Debug|Any CPU
		{4096FF2E-751C-41BD-8C5B-1FAB4E7B9FA2}.Release|Any CPU.ActiveCfg = Release|Any CPU
		{4096FF2E-751C-41BD-8C5B-1FAB4E7B9FA2}.Release|Any CPU.Build.0 = Release|Any CPU
		{1FC9EF65-BEF2-406D-B75D-030F1A040406}.Debug|Any CPU.ActiveCfg = Debug|Any CPU
		{1FC9EF65-BEF2-406D-B75D-030F1A040406}.Debug|Any CPU.Build.0 = Debug|Any CPU
		{1FC9EF65-BEF2-406D-B75D-030F1A040406}.Release|Any CPU.ActiveCfg = Release|Any CPU
		{1FC9EF65-BEF2-406D-B75D-030F1A040406}.Release|Any CPU.Build.0 = Release|Any CPU
		{3D99BF68-88EF-44D9-A57E-1133B33BD2E8}.Debug|Any CPU.ActiveCfg = Debug|Any CPU
		{3D99BF68-88EF-44D9-A57E-1133B33BD2E8}.Debug|Any CPU.Build.0 = Debug|Any CPU
		{3D99BF68-88EF-44D9-A57E-1133B33BD2E8}.Release|Any CPU.ActiveCfg = Release|Any CPU
		{3D99BF68-88EF-44D9-A57E-1133B33BD2E8}.Release|Any CPU.Build.0 = Release|Any CPU
		{AF4483A5-A9E3-4211-8A9D-040B5EF7411D}.Debug|Any CPU.ActiveCfg = Debug|Any CPU
		{AF4483A5-A9E3-4211-8A9D-040B5EF7411D}.Debug|Any CPU.Build.0 = Debug|Any CPU
		{AF4483A5-A9E3-4211-8A9D-040B5EF7411D}.Release|Any CPU.ActiveCfg = Release|Any CPU
		{AF4483A5-A9E3-4211-8A9D-040B5EF7411D}.Release|Any CPU.Build.0 = Release|Any CPU
		{9E7ECAC2-52AD-481F-BAE7-47C465D30D56}.Debug|Any CPU.ActiveCfg = Debug|Any CPU
		{9E7ECAC2-52AD-481F-BAE7-47C465D30D56}.Debug|Any CPU.Build.0 = Debug|Any CPU
		{9E7ECAC2-52AD-481F-BAE7-47C465D30D56}.Release|Any CPU.ActiveCfg = Release|Any CPU
		{9E7ECAC2-52AD-481F-BAE7-47C465D30D56}.Release|Any CPU.Build.0 = Release|Any CPU
		{DD08CDF2-DAAF-4247-9E2F-BEC6EF13D53F}.Debug|Any CPU.ActiveCfg = Debug|Any CPU
		{DD08CDF2-DAAF-4247-9E2F-BEC6EF13D53F}.Debug|Any CPU.Build.0 = Debug|Any CPU
		{DD08CDF2-DAAF-4247-9E2F-BEC6EF13D53F}.Release|Any CPU.ActiveCfg = Release|Any CPU
		{DD08CDF2-DAAF-4247-9E2F-BEC6EF13D53F}.Release|Any CPU.Build.0 = Release|Any CPU
		{4D34FD86-0462-42AC-90AE-4169C77E2F8E}.Debug|Any CPU.ActiveCfg = Debug|Any CPU
		{4D34FD86-0462-42AC-90AE-4169C77E2F8E}.Debug|Any CPU.Build.0 = Debug|Any CPU
		{4D34FD86-0462-42AC-90AE-4169C77E2F8E}.Release|Any CPU.ActiveCfg = Release|Any CPU
		{4D34FD86-0462-42AC-90AE-4169C77E2F8E}.Release|Any CPU.Build.0 = Release|Any CPU
		{EA008909-954C-4DF4-B2DD-4DA42FF06871}.Debug|Any CPU.ActiveCfg = Debug|Any CPU
		{EA008909-954C-4DF4-B2DD-4DA42FF06871}.Debug|Any CPU.Build.0 = Debug|Any CPU
		{EA008909-954C-4DF4-B2DD-4DA42FF06871}.Release|Any CPU.ActiveCfg = Release|Any CPU
		{EA008909-954C-4DF4-B2DD-4DA42FF06871}.Release|Any CPU.Build.0 = Release|Any CPU
		{421333D9-A141-4697-93E0-8B5CE2581F13}.Debug|Any CPU.ActiveCfg = Debug|Any CPU
		{421333D9-A141-4697-93E0-8B5CE2581F13}.Debug|Any CPU.Build.0 = Debug|Any CPU
		{421333D9-A141-4697-93E0-8B5CE2581F13}.Release|Any CPU.ActiveCfg = Release|Any CPU
		{421333D9-A141-4697-93E0-8B5CE2581F13}.Release|Any CPU.Build.0 = Release|Any CPU
		{5E139D14-EE92-46FE-A6E9-C8CB1FA37299}.Debug|Any CPU.ActiveCfg = Debug|Any CPU
		{5E139D14-EE92-46FE-A6E9-C8CB1FA37299}.Debug|Any CPU.Build.0 = Debug|Any CPU
		{5E139D14-EE92-46FE-A6E9-C8CB1FA37299}.Release|Any CPU.ActiveCfg = Release|Any CPU
		{5E139D14-EE92-46FE-A6E9-C8CB1FA37299}.Release|Any CPU.Build.0 = Release|Any CPU
		{02B5F84D-1853-4CBE-9A87-4B8C6994E032}.Debug|Any CPU.ActiveCfg = Debug|Any CPU
		{02B5F84D-1853-4CBE-9A87-4B8C6994E032}.Debug|Any CPU.Build.0 = Debug|Any CPU
		{02B5F84D-1853-4CBE-9A87-4B8C6994E032}.Release|Any CPU.ActiveCfg = Release|Any CPU
		{02B5F84D-1853-4CBE-9A87-4B8C6994E032}.Release|Any CPU.Build.0 = Release|Any CPU
		{0C652F31-7D60-403E-B1B9-92CDB5ED998B}.Debug|Any CPU.ActiveCfg = Debug|Any CPU
		{0C652F31-7D60-403E-B1B9-92CDB5ED998B}.Debug|Any CPU.Build.0 = Debug|Any CPU
		{0C652F31-7D60-403E-B1B9-92CDB5ED998B}.Release|Any CPU.ActiveCfg = Release|Any CPU
		{0C652F31-7D60-403E-B1B9-92CDB5ED998B}.Release|Any CPU.Build.0 = Release|Any CPU
		{B26A7012-0F79-4BDF-8EB4-FBCDEFBED6EF}.Debug|Any CPU.ActiveCfg = Debug|Any CPU
		{B26A7012-0F79-4BDF-8EB4-FBCDEFBED6EF}.Debug|Any CPU.Build.0 = Debug|Any CPU
		{B26A7012-0F79-4BDF-8EB4-FBCDEFBED6EF}.Release|Any CPU.ActiveCfg = Release|Any CPU
		{B26A7012-0F79-4BDF-8EB4-FBCDEFBED6EF}.Release|Any CPU.Build.0 = Release|Any CPU
	EndGlobalSection
	GlobalSection(SolutionProperties) = preSolution
		HideSolutionNode = FALSE
	EndGlobalSection
	GlobalSection(NestedProjects) = preSolution
		{D995227D-CEAA-44AC-97F6-C9CB5609DD22} = {67A1EB33-C3A9-4A81-9DA7-AFF6C3C90129}
		{78E2EAFF-02B6-4438-A91C-9AAB6A93A8A3} = {67A1EB33-C3A9-4A81-9DA7-AFF6C3C90129}
		{22EEC2BD-29EE-466C-AFAB-D8CD8C3E6374} = {67A1EB33-C3A9-4A81-9DA7-AFF6C3C90129}
		{64A04632-AE64-467E-A8A3-4761653B079F} = {33646CA7-0491-4A1D-A294-3C60E9C78878}
		{4DA31D65-188C-496B-B379-1E6CD9D96356} = {33646CA7-0491-4A1D-A294-3C60E9C78878}
		{65FDCE4B-B98F-4F2E-A305-9DAD036FDE3E} = {33646CA7-0491-4A1D-A294-3C60E9C78878}
		{F6C0B061-3A04-4E82-8CE6-AC23A44DE536} = {E2A98315-AD1E-489B-BF03-3F5B6C154B23}
		{0558C396-C062-4B7B-BB8F-18BBC341A3D9} = {E2A98315-AD1E-489B-BF03-3F5B6C154B23}
		{9D82F97E-79BD-447C-AB9B-2B37BDE3EAC4} = {E2A98315-AD1E-489B-BF03-3F5B6C154B23}
		{8F8BB5DA-D5B4-44E7-A3E8-37242295AF40} = {FEBC5271-90FB-472D-8998-EDB66F8367F2}
		{42FF2AE8-78EC-4396-8118-DAC04493F98F} = {FEBC5271-90FB-472D-8998-EDB66F8367F2}
		{4096FF2E-751C-41BD-8C5B-1FAB4E7B9FA2} = {FEBC5271-90FB-472D-8998-EDB66F8367F2}
		{1FC9EF65-BEF2-406D-B75D-030F1A040406} = {68C22190-C180-4DE1-B83B-8E48BD7C843F}
		{3D99BF68-88EF-44D9-A57E-1133B33BD2E8} = {68C22190-C180-4DE1-B83B-8E48BD7C843F}
		{AF4483A5-A9E3-4211-8A9D-040B5EF7411D} = {68C22190-C180-4DE1-B83B-8E48BD7C843F}
		{9E7ECAC2-52AD-481F-BAE7-47C465D30D56} = {2AF44D27-809D-460E-AEE3-C9E1BF09253D}
		{DD08CDF2-DAAF-4247-9E2F-BEC6EF13D53F} = {2AF44D27-809D-460E-AEE3-C9E1BF09253D}
		{4D34FD86-0462-42AC-90AE-4169C77E2F8E} = {2AF44D27-809D-460E-AEE3-C9E1BF09253D}
		{EA008909-954C-4DF4-B2DD-4DA42FF06871} = {31C7B142-4998-4F1F-9CBD-EDABFAD64E02}
		{421333D9-A141-4697-93E0-8B5CE2581F13} = {31C7B142-4998-4F1F-9CBD-EDABFAD64E02}
		{5E139D14-EE92-46FE-A6E9-C8CB1FA37299} = {31C7B142-4998-4F1F-9CBD-EDABFAD64E02}
		{02B5F84D-1853-4CBE-9A87-4B8C6994E032} = {63F00079-B35A-484E-9E4A-A026013C7F37}
		{0C652F31-7D60-403E-B1B9-92CDB5ED998B} = {63F00079-B35A-484E-9E4A-A026013C7F37}
		{B26A7012-0F79-4BDF-8EB4-FBCDEFBED6EF} = {63F00079-B35A-484E-9E4A-A026013C7F37}
	EndGlobalSection
	GlobalSection(ExtensibilityGlobals) = postSolution
		SolutionGuid = {2498EEBE-5786-4FA7-B160-5F4D1A143B37}
	EndGlobalSection
EndGlobal
